// !$*UTF8*$!
{
	archiveVersion = 1;
	classes = {
	};
	objectVersion = 46;
	objects = {

/* Begin PBXBuildFile section */
		54708A081F1B611E00F7AA92 /* AppDelegate.swift in Sources */ = {isa = PBXBuildFile; fileRef = 54708A071F1B611E00F7AA92 /* AppDelegate.swift */; };
		54708A0D1F1B611E00F7AA92 /* Main.storyboard in Resources */ = {isa = PBXBuildFile; fileRef = 54708A0B1F1B611E00F7AA92 /* Main.storyboard */; };
		54708A0F1F1B611E00F7AA92 /* Assets.xcassets in Resources */ = {isa = PBXBuildFile; fileRef = 54708A0E1F1B611E00F7AA92 /* Assets.xcassets */; };
		54708A121F1B611E00F7AA92 /* LaunchScreen.storyboard in Resources */ = {isa = PBXBuildFile; fileRef = 54708A101F1B611E00F7AA92 /* LaunchScreen.storyboard */; };
		54708A1D1F1B611E00F7AA92 /* AutocompleteTests.swift in Sources */ = {isa = PBXBuildFile; fileRef = 54708A1C1F1B611E00F7AA92 /* AutocompleteTests.swift */; };
		548BC25E1F1B659700D5B27D /* Autocomplete.swift in Sources */ = {isa = PBXBuildFile; fileRef = 548BC2581F1B659700D5B27D /* Autocomplete.swift */; };
		548BC25F1F1B659700D5B27D /* AutocompleteProvider.swift in Sources */ = {isa = PBXBuildFile; fileRef = 548BC2591F1B659700D5B27D /* AutocompleteProvider.swift */; };
		548BC2601F1B659700D5B27D /* AutocompleteResult.swift in Sources */ = {isa = PBXBuildFile; fileRef = 548BC25A1F1B659700D5B27D /* AutocompleteResult.swift */; };
		548BC2611F1B659700D5B27D /* Prediction.swift in Sources */ = {isa = PBXBuildFile; fileRef = 548BC25B1F1B659700D5B27D /* Prediction.swift */; };
		548BC2621F1B659700D5B27D /* CountryAutocompleteProvider.swift in Sources */ = {isa = PBXBuildFile; fileRef = 548BC25D1F1B659700D5B27D /* CountryAutocompleteProvider.swift */; };
		548BC2651F1B65F400D5B27D /* SearchPredictionCell.swift in Sources */ = {isa = PBXBuildFile; fileRef = 548BC2631F1B65F400D5B27D /* SearchPredictionCell.swift */; };
		548BC2661F1B65F400D5B27D /* SearchViewController.swift in Sources */ = {isa = PBXBuildFile; fileRef = 548BC2641F1B65F400D5B27D /* SearchViewController.swift */; };
		7F9450F3B097075C0C98D4CC /* Pods_Autocomplete.framework in Frameworks */ = {isa = PBXBuildFile; fileRef = D571390B339D4A9DDC86C33D /* Pods_Autocomplete.framework */; };
		B5413AB7A076217A25ECD264 /* Pods_AutocompleteTests.framework in Frameworks */ = {isa = PBXBuildFile; fileRef = 3C55DFA593303C0EEAC6CB92 /* Pods_AutocompleteTests.framework */; };
/* End PBXBuildFile section */

/* Begin PBXContainerItemProxy section */
		54708A191F1B611E00F7AA92 /* PBXContainerItemProxy */ = {
			isa = PBXContainerItemProxy;
			containerPortal = 547089FC1F1B611E00F7AA92 /* Project object */;
			proxyType = 1;
			remoteGlobalIDString = 54708A031F1B611E00F7AA92;
			remoteInfo = Autocomplete;
		};
/* End PBXContainerItemProxy section */

/* Begin PBXFileReference section */
		3C55DFA593303C0EEAC6CB92 /* Pods_AutocompleteTests.framework */ = {isa = PBXFileReference; explicitFileType = wrapper.framework; includeInIndex = 0; path = Pods_AutocompleteTests.framework; sourceTree = BUILT_PRODUCTS_DIR; };
		54708A041F1B611E00F7AA92 /* Autocomplete.app */ = {isa = PBXFileReference; explicitFileType = wrapper.application; includeInIndex = 0; path = Autocomplete.app; sourceTree = BUILT_PRODUCTS_DIR; };
		54708A071F1B611E00F7AA92 /* AppDelegate.swift */ = {isa = PBXFileReference; lastKnownFileType = sourcecode.swift; path = AppDelegate.swift; sourceTree = "<group>"; };
		54708A0C1F1B611E00F7AA92 /* Base */ = {isa = PBXFileReference; lastKnownFileType = file.storyboard; name = Base; path = Base.lproj/Main.storyboard; sourceTree = "<group>"; };
		54708A0E1F1B611E00F7AA92 /* Assets.xcassets */ = {isa = PBXFileReference; lastKnownFileType = folder.assetcatalog; path = Assets.xcassets; sourceTree = "<group>"; };
		54708A111F1B611E00F7AA92 /* Base */ = {isa = PBXFileReference; lastKnownFileType = file.storyboard; name = Base; path = Base.lproj/LaunchScreen.storyboard; sourceTree = "<group>"; };
		54708A131F1B611E00F7AA92 /* Info.plist */ = {isa = PBXFileReference; lastKnownFileType = text.plist.xml; path = Info.plist; sourceTree = "<group>"; };
		54708A181F1B611E00F7AA92 /* AutocompleteTests.xctest */ = {isa = PBXFileReference; explicitFileType = wrapper.cfbundle; includeInIndex = 0; path = AutocompleteTests.xctest; sourceTree = BUILT_PRODUCTS_DIR; };
		54708A1C1F1B611E00F7AA92 /* AutocompleteTests.swift */ = {isa = PBXFileReference; lastKnownFileType = sourcecode.swift; path = AutocompleteTests.swift; sourceTree = "<group>"; };
		54708A1E1F1B611E00F7AA92 /* Info.plist */ = {isa = PBXFileReference; lastKnownFileType = text.plist.xml; path = Info.plist; sourceTree = "<group>"; };
		548BC2581F1B659700D5B27D /* Autocomplete.swift */ = {isa = PBXFileReference; fileEncoding = 4; lastKnownFileType = sourcecode.swift; path = Autocomplete.swift; sourceTree = "<group>"; };
		548BC2591F1B659700D5B27D /* AutocompleteProvider.swift */ = {isa = PBXFileReference; fileEncoding = 4; lastKnownFileType = sourcecode.swift; path = AutocompleteProvider.swift; sourceTree = "<group>"; };
		548BC25A1F1B659700D5B27D /* AutocompleteResult.swift */ = {isa = PBXFileReference; fileEncoding = 4; lastKnownFileType = sourcecode.swift; path = AutocompleteResult.swift; sourceTree = "<group>"; };
		548BC25B1F1B659700D5B27D /* Prediction.swift */ = {isa = PBXFileReference; fileEncoding = 4; lastKnownFileType = sourcecode.swift; path = Prediction.swift; sourceTree = "<group>"; };
		548BC25D1F1B659700D5B27D /* CountryAutocompleteProvider.swift */ = {isa = PBXFileReference; fileEncoding = 4; lastKnownFileType = sourcecode.swift; path = CountryAutocompleteProvider.swift; sourceTree = "<group>"; };
		548BC2631F1B65F400D5B27D /* SearchPredictionCell.swift */ = {isa = PBXFileReference; fileEncoding = 4; lastKnownFileType = sourcecode.swift; path = SearchPredictionCell.swift; sourceTree = "<group>"; };
		548BC2641F1B65F400D5B27D /* SearchViewController.swift */ = {isa = PBXFileReference; fileEncoding = 4; lastKnownFileType = sourcecode.swift; path = SearchViewController.swift; sourceTree = "<group>"; };
		60E04EDB3631899DEF785EEE /* Pods-Autocomplete.release.xcconfig */ = {isa = PBXFileReference; includeInIndex = 1; lastKnownFileType = text.xcconfig; name = "Pods-Autocomplete.release.xcconfig"; path = "Pods/Target Support Files/Pods-Autocomplete/Pods-Autocomplete.release.xcconfig"; sourceTree = "<group>"; };
		6CB9457055F98796E86F98B2 /* Pods-AutocompleteTests.release.xcconfig */ = {isa = PBXFileReference; includeInIndex = 1; lastKnownFileType = text.xcconfig; name = "Pods-AutocompleteTests.release.xcconfig"; path = "Pods/Target Support Files/Pods-AutocompleteTests/Pods-AutocompleteTests.release.xcconfig"; sourceTree = "<group>"; };
		84B6E679AF96882DDAF19613 /* Pods-AutocompleteTests.debug.xcconfig */ = {isa = PBXFileReference; includeInIndex = 1; lastKnownFileType = text.xcconfig; name = "Pods-AutocompleteTests.debug.xcconfig"; path = "Pods/Target Support Files/Pods-AutocompleteTests/Pods-AutocompleteTests.debug.xcconfig"; sourceTree = "<group>"; };
		9DDE66EAC528E546F94DEC19 /* Pods-Autocomplete.debug.xcconfig */ = {isa = PBXFileReference; includeInIndex = 1; lastKnownFileType = text.xcconfig; name = "Pods-Autocomplete.debug.xcconfig"; path = "Pods/Target Support Files/Pods-Autocomplete/Pods-Autocomplete.debug.xcconfig"; sourceTree = "<group>"; };
		D571390B339D4A9DDC86C33D /* Pods_Autocomplete.framework */ = {isa = PBXFileReference; explicitFileType = wrapper.framework; includeInIndex = 0; path = Pods_Autocomplete.framework; sourceTree = BUILT_PRODUCTS_DIR; };
/* End PBXFileReference section */

/* Begin PBXFrameworksBuildPhase section */
		54708A011F1B611E00F7AA92 /* Frameworks */ = {
			isa = PBXFrameworksBuildPhase;
			buildActionMask = 2147483647;
			files = (
				7F9450F3B097075C0C98D4CC /* Pods_Autocomplete.framework in Frameworks */,
			);
			runOnlyForDeploymentPostprocessing = 0;
		};
		54708A151F1B611E00F7AA92 /* Frameworks */ = {
			isa = PBXFrameworksBuildPhase;
			buildActionMask = 2147483647;
			files = (
				B5413AB7A076217A25ECD264 /* Pods_AutocompleteTests.framework in Frameworks */,
			);
			runOnlyForDeploymentPostprocessing = 0;
		};
/* End PBXFrameworksBuildPhase section */

/* Begin PBXGroup section */
		38BAEAB6900C2CC9E48B9D60 /* Frameworks */ = {
			isa = PBXGroup;
			children = (
				D571390B339D4A9DDC86C33D /* Pods_Autocomplete.framework */,
				3C55DFA593303C0EEAC6CB92 /* Pods_AutocompleteTests.framework */,
			);
			name = Frameworks;
			sourceTree = "<group>";
		};
		4DBF48EF4670D33CA0D9DB87 /* Pods */ = {
			isa = PBXGroup;
			children = (
				9DDE66EAC528E546F94DEC19 /* Pods-Autocomplete.debug.xcconfig */,
				60E04EDB3631899DEF785EEE /* Pods-Autocomplete.release.xcconfig */,
				84B6E679AF96882DDAF19613 /* Pods-AutocompleteTests.debug.xcconfig */,
				6CB9457055F98796E86F98B2 /* Pods-AutocompleteTests.release.xcconfig */,
			);
			name = Pods;
			sourceTree = "<group>";
		};
		547089FB1F1B611E00F7AA92 = {
			isa = PBXGroup;
			children = (
				54708A061F1B611E00F7AA92 /* Autocomplete */,
				54708A1B1F1B611E00F7AA92 /* AutocompleteTests */,
				54708A051F1B611E00F7AA92 /* Products */,
				4DBF48EF4670D33CA0D9DB87 /* Pods */,
				38BAEAB6900C2CC9E48B9D60 /* Frameworks */,
			);
			sourceTree = "<group>";
		};
		54708A051F1B611E00F7AA92 /* Products */ = {
			isa = PBXGroup;
			children = (
				54708A041F1B611E00F7AA92 /* Autocomplete.app */,
				54708A181F1B611E00F7AA92 /* AutocompleteTests.xctest */,
			);
			name = Products;
			sourceTree = "<group>";
		};
		54708A061F1B611E00F7AA92 /* Autocomplete */ = {
			isa = PBXGroup;
			children = (
				548BC2571F1B659700D5B27D /* Autocomplete */,
				54708A071F1B611E00F7AA92 /* AppDelegate.swift */,
				548BC2631F1B65F400D5B27D /* SearchPredictionCell.swift */,
				548BC2641F1B65F400D5B27D /* SearchViewController.swift */,
				54708A0B1F1B611E00F7AA92 /* Main.storyboard */,
				54708A0E1F1B611E00F7AA92 /* Assets.xcassets */,
				54708A101F1B611E00F7AA92 /* LaunchScreen.storyboard */,
				54708A131F1B611E00F7AA92 /* Info.plist */,
			);
			path = Autocomplete;
			sourceTree = "<group>";
		};
		54708A1B1F1B611E00F7AA92 /* AutocompleteTests */ = {
			isa = PBXGroup;
			children = (
				54708A1C1F1B611E00F7AA92 /* AutocompleteTests.swift */,
				54708A1E1F1B611E00F7AA92 /* Info.plist */,
			);
			path = AutocompleteTests;
			sourceTree = "<group>";
		};
		548BC2571F1B659700D5B27D /* Autocomplete */ = {
			isa = PBXGroup;
			children = (
				548BC2581F1B659700D5B27D /* Autocomplete.swift */,
				548BC2591F1B659700D5B27D /* AutocompleteProvider.swift */,
				548BC25A1F1B659700D5B27D /* AutocompleteResult.swift */,
				548BC25B1F1B659700D5B27D /* Prediction.swift */,
				548BC25C1F1B659700D5B27D /* Providers */,
			);
			path = Autocomplete;
			sourceTree = "<group>";
		};
		548BC25C1F1B659700D5B27D /* Providers */ = {
			isa = PBXGroup;
			children = (
				548BC25D1F1B659700D5B27D /* CountryAutocompleteProvider.swift */,
			);
			path = Providers;
			sourceTree = "<group>";
		};
/* End PBXGroup section */

/* Begin PBXNativeTarget section */
		54708A031F1B611E00F7AA92 /* Autocomplete */ = {
			isa = PBXNativeTarget;
			buildConfigurationList = 54708A211F1B611E00F7AA92 /* Build configuration list for PBXNativeTarget "Autocomplete" */;
			buildPhases = (
				1C573D21BB4E83283B370529 /* [CP] Check Pods Manifest.lock */,
				54708A001F1B611E00F7AA92 /* Sources */,
				54708A011F1B611E00F7AA92 /* Frameworks */,
				54708A021F1B611E00F7AA92 /* Resources */,
				6C0AC5BF20DF4D981AAA724C /* [CP] Embed Pods Frameworks */,
				B83C69192996E618EE1F7CC1 /* [CP] Copy Pods Resources */,
			);
			buildRules = (
			);
			dependencies = (
			);
			name = Autocomplete;
			productName = Autocomplete;
			productReference = 54708A041F1B611E00F7AA92 /* Autocomplete.app */;
			productType = "com.apple.product-type.application";
		};
		54708A171F1B611E00F7AA92 /* AutocompleteTests */ = {
			isa = PBXNativeTarget;
			buildConfigurationList = 54708A241F1B611E00F7AA92 /* Build configuration list for PBXNativeTarget "AutocompleteTests" */;
			buildPhases = (
				BC39743803F5B156949D2DD3 /* [CP] Check Pods Manifest.lock */,
				54708A141F1B611E00F7AA92 /* Sources */,
				54708A151F1B611E00F7AA92 /* Frameworks */,
				54708A161F1B611E00F7AA92 /* Resources */,
				B465897A72E2C5B8E6EC1857 /* [CP] Embed Pods Frameworks */,
				70888E14165B07CD88CB1705 /* [CP] Copy Pods Resources */,
			);
			buildRules = (
			);
			dependencies = (
				54708A1A1F1B611E00F7AA92 /* PBXTargetDependency */,
			);
			name = AutocompleteTests;
			productName = AutocompleteTests;
			productReference = 54708A181F1B611E00F7AA92 /* AutocompleteTests.xctest */;
			productType = "com.apple.product-type.bundle.unit-test";
		};
/* End PBXNativeTarget section */

/* Begin PBXProject section */
		547089FC1F1B611E00F7AA92 /* Project object */ = {
			isa = PBXProject;
			attributes = {
				LastSwiftUpdateCheck = 0830;
				LastUpgradeCheck = 0830;
				ORGANIZATIONNAME = ncreated;
				TargetAttributes = {
					54708A031F1B611E00F7AA92 = {
						CreatedOnToolsVersion = 8.3.2;
						ProvisioningStyle = Automatic;
					};
					54708A171F1B611E00F7AA92 = {
						CreatedOnToolsVersion = 8.3.2;
						ProvisioningStyle = Automatic;
						TestTargetID = 54708A031F1B611E00F7AA92;
					};
				};
			};
			buildConfigurationList = 547089FF1F1B611E00F7AA92 /* Build configuration list for PBXProject "Autocomplete" */;
			compatibilityVersion = "Xcode 3.2";
			developmentRegion = English;
			hasScannedForEncodings = 0;
			knownRegions = (
				en,
				Base,
			);
			mainGroup = 547089FB1F1B611E00F7AA92;
			productRefGroup = 54708A051F1B611E00F7AA92 /* Products */;
			projectDirPath = "";
			projectRoot = "";
			targets = (
				54708A031F1B611E00F7AA92 /* Autocomplete */,
				54708A171F1B611E00F7AA92 /* AutocompleteTests */,
			);
		};
/* End PBXProject section */

/* Begin PBXResourcesBuildPhase section */
		54708A021F1B611E00F7AA92 /* Resources */ = {
			isa = PBXResourcesBuildPhase;
			buildActionMask = 2147483647;
			files = (
				54708A121F1B611E00F7AA92 /* LaunchScreen.storyboard in Resources */,
				54708A0F1F1B611E00F7AA92 /* Assets.xcassets in Resources */,
				54708A0D1F1B611E00F7AA92 /* Main.storyboard in Resources */,
			);
			runOnlyForDeploymentPostprocessing = 0;
		};
		54708A161F1B611E00F7AA92 /* Resources */ = {
			isa = PBXResourcesBuildPhase;
			buildActionMask = 2147483647;
			files = (
			);
			runOnlyForDeploymentPostprocessing = 0;
		};
/* End PBXResourcesBuildPhase section */

/* Begin PBXShellScriptBuildPhase section */
		1C573D21BB4E83283B370529 /* [CP] Check Pods Manifest.lock */ = {
			isa = PBXShellScriptBuildPhase;
			buildActionMask = 2147483647;
			files = (
			);
			inputPaths = (
			);
			name = "[CP] Check Pods Manifest.lock";
			outputPaths = (
			);
			runOnlyForDeploymentPostprocessing = 0;
			shellPath = /bin/sh;
			shellScript = "diff \"${PODS_PODFILE_DIR_PATH}/Podfile.lock\" \"${PODS_ROOT}/Manifest.lock\" > /dev/null\nif [ $? != 0 ] ; then\n    # print error to STDERR\n    echo \"error: The sandbox is not in sync with the Podfile.lock. Run 'pod install' or update your CocoaPods installation.\" >&2\n    exit 1\nfi\n";
			showEnvVarsInLog = 0;
		};
		6C0AC5BF20DF4D981AAA724C /* [CP] Embed Pods Frameworks */ = {
			isa = PBXShellScriptBuildPhase;
			buildActionMask = 2147483647;
			files = (
			);
			inputPaths = (
			);
			name = "[CP] Embed Pods Frameworks";
			outputPaths = (
			);
			runOnlyForDeploymentPostprocessing = 0;
			shellPath = /bin/sh;
			shellScript = "\"${SRCROOT}/Pods/Target Support Files/Pods-Autocomplete/Pods-Autocomplete-frameworks.sh\"\n";
			showEnvVarsInLog = 0;
		};
		70888E14165B07CD88CB1705 /* [CP] Copy Pods Resources */ = {
			isa = PBXShellScriptBuildPhase;
			buildActionMask = 2147483647;
			files = (
			);
			inputPaths = (
			);
			name = "[CP] Copy Pods Resources";
			outputPaths = (
			);
			runOnlyForDeploymentPostprocessing = 0;
			shellPath = /bin/sh;
			shellScript = "\"${SRCROOT}/Pods/Target Support Files/Pods-AutocompleteTests/Pods-AutocompleteTests-resources.sh\"\n";
			showEnvVarsInLog = 0;
		};
		B465897A72E2C5B8E6EC1857 /* [CP] Embed Pods Frameworks */ = {
			isa = PBXShellScriptBuildPhase;
			buildActionMask = 2147483647;
			files = (
			);
			inputPaths = (
			);
			name = "[CP] Embed Pods Frameworks";
			outputPaths = (
			);
			runOnlyForDeploymentPostprocessing = 0;
			shellPath = /bin/sh;
			shellScript = "\"${SRCROOT}/Pods/Target Support Files/Pods-AutocompleteTests/Pods-AutocompleteTests-frameworks.sh\"\n";
			showEnvVarsInLog = 0;
		};
		B83C69192996E618EE1F7CC1 /* [CP] Copy Pods Resources */ = {
			isa = PBXShellScriptBuildPhase;
			buildActionMask = 2147483647;
			files = (
			);
			inputPaths = (
			);
			name = "[CP] Copy Pods Resources";
			outputPaths = (
			);
			runOnlyForDeploymentPostprocessing = 0;
			shellPath = /bin/sh;
			shellScript = "\"${SRCROOT}/Pods/Target Support Files/Pods-Autocomplete/Pods-Autocomplete-resources.sh\"\n";
			showEnvVarsInLog = 0;
		};
		BC39743803F5B156949D2DD3 /* [CP] Check Pods Manifest.lock */ = {
			isa = PBXShellScriptBuildPhase;
			buildActionMask = 2147483647;
			files = (
			);
			inputPaths = (
			);
			name = "[CP] Check Pods Manifest.lock";
			outputPaths = (
			);
			runOnlyForDeploymentPostprocessing = 0;
			shellPath = /bin/sh;
			shellScript = "diff \"${PODS_PODFILE_DIR_PATH}/Podfile.lock\" \"${PODS_ROOT}/Manifest.lock\" > /dev/null\nif [ $? != 0 ] ; then\n    # print error to STDERR\n    echo \"error: The sandbox is not in sync with the Podfile.lock. Run 'pod install' or update your CocoaPods installation.\" >&2\n    exit 1\nfi\n";
			showEnvVarsInLog = 0;
		};
/* End PBXShellScriptBuildPhase section */

/* Begin PBXSourcesBuildPhase section */
		54708A001F1B611E00F7AA92 /* Sources */ = {
			isa = PBXSourcesBuildPhase;
			buildActionMask = 2147483647;
			files = (
				548BC2601F1B659700D5B27D /* AutocompleteResult.swift in Sources */,
				548BC2621F1B659700D5B27D /* CountryAutocompleteProvider.swift in Sources */,
				548BC2661F1B65F400D5B27D /* SearchViewController.swift in Sources */,
				548BC2611F1B659700D5B27D /* Prediction.swift in Sources */,
				548BC2651F1B65F400D5B27D /* SearchPredictionCell.swift in Sources */,
				548BC25E1F1B659700D5B27D /* Autocomplete.swift in Sources */,
				548BC25F1F1B659700D5B27D /* AutocompleteProvider.swift in Sources */,
				54708A081F1B611E00F7AA92 /* AppDelegate.swift in Sources */,
			);
			runOnlyForDeploymentPostprocessing = 0;
		};
		54708A141F1B611E00F7AA92 /* Sources */ = {
			isa = PBXSourcesBuildPhase;
			buildActionMask = 2147483647;
			files = (
				54708A1D1F1B611E00F7AA92 /* AutocompleteTests.swift in Sources */,
			);
			runOnlyForDeploymentPostprocessing = 0;
		};
/* End PBXSourcesBuildPhase section */

/* Begin PBXTargetDependency section */
		54708A1A1F1B611E00F7AA92 /* PBXTargetDependency */ = {
			isa = PBXTargetDependency;
			target = 54708A031F1B611E00F7AA92 /* Autocomplete */;
			targetProxy = 54708A191F1B611E00F7AA92 /* PBXContainerItemProxy */;
		};
/* End PBXTargetDependency section */

/* Begin PBXVariantGroup section */
		54708A0B1F1B611E00F7AA92 /* Main.storyboard */ = {
			isa = PBXVariantGroup;
			children = (
				54708A0C1F1B611E00F7AA92 /* Base */,
			);
			name = Main.storyboard;
			sourceTree = "<group>";
		};
		54708A101F1B611E00F7AA92 /* LaunchScreen.storyboard */ = {
			isa = PBXVariantGroup;
			children = (
				54708A111F1B611E00F7AA92 /* Base */,
			);
			name = LaunchScreen.storyboard;
			sourceTree = "<group>";
		};
/* End PBXVariantGroup section */

/* Begin XCBuildConfiguration section */
		54708A1F1F1B611E00F7AA92 /* Debug */ = {
			isa = XCBuildConfiguration;
			buildSettings = {
				ALWAYS_SEARCH_USER_PATHS = NO;
				CLANG_ANALYZER_NONNULL = YES;
				CLANG_ANALYZER_NUMBER_OBJECT_CONVERSION = YES_AGGRESSIVE;
				CLANG_CXX_LANGUAGE_STANDARD = "gnu++0x";
				CLANG_CXX_LIBRARY = "libc++";
				CLANG_ENABLE_MODULES = YES;
				CLANG_ENABLE_OBJC_ARC = YES;
				CLANG_WARN_BOOL_CONVERSION = YES;
				CLANG_WARN_CONSTANT_CONVERSION = YES;
				CLANG_WARN_DIRECT_OBJC_ISA_USAGE = YES_ERROR;
				CLANG_WARN_DOCUMENTATION_COMMENTS = YES;
				CLANG_WARN_EMPTY_BODY = YES;
				CLANG_WARN_ENUM_CONVERSION = YES;
				CLANG_WARN_INFINITE_RECURSION = YES;
				CLANG_WARN_INT_CONVERSION = YES;
				CLANG_WARN_OBJC_ROOT_CLASS = YES_ERROR;
				CLANG_WARN_SUSPICIOUS_MOVE = YES;
				CLANG_WARN_UNREACHABLE_CODE = YES;
				CLANG_WARN__DUPLICATE_METHOD_MATCH = YES;
				"CODE_SIGN_IDENTITY[sdk=iphoneos*]" = "iPhone Developer";
				COPY_PHASE_STRIP = NO;
				DEBUG_INFORMATION_FORMAT = dwarf;
				ENABLE_STRICT_OBJC_MSGSEND = YES;
				ENABLE_TESTABILITY = YES;
				GCC_C_LANGUAGE_STANDARD = gnu99;
				GCC_DYNAMIC_NO_PIC = NO;
				GCC_NO_COMMON_BLOCKS = YES;
				GCC_OPTIMIZATION_LEVEL = 0;
				GCC_PREPROCESSOR_DEFINITIONS = (
					"DEBUG=1",
					"$(inherited)",
				);
				GCC_WARN_64_TO_32_BIT_CONVERSION = YES;
				GCC_WARN_ABOUT_RETURN_TYPE = YES_ERROR;
				GCC_WARN_UNDECLARED_SELECTOR = YES;
				GCC_WARN_UNINITIALIZED_AUTOS = YES_AGGRESSIVE;
				GCC_WARN_UNUSED_FUNCTION = YES;
				GCC_WARN_UNUSED_VARIABLE = YES;
				IPHONEOS_DEPLOYMENT_TARGET = 10.3;
				MTL_ENABLE_DEBUG_INFO = YES;
				ONLY_ACTIVE_ARCH = YES;
				SDKROOT = iphoneos;
				SWIFT_ACTIVE_COMPILATION_CONDITIONS = DEBUG;
				SWIFT_OPTIMIZATION_LEVEL = "-Onone";
			};
			name = Debug;
		};
		54708A201F1B611E00F7AA92 /* Release */ = {
			isa = XCBuildConfiguration;
			buildSettings = {
				ALWAYS_SEARCH_USER_PATHS = NO;
				CLANG_ANALYZER_NONNULL = YES;
				CLANG_ANALYZER_NUMBER_OBJECT_CONVERSION = YES_AGGRESSIVE;
				CLANG_CXX_LANGUAGE_STANDARD = "gnu++0x";
				CLANG_CXX_LIBRARY = "libc++";
				CLANG_ENABLE_MODULES = YES;
				CLANG_ENABLE_OBJC_ARC = YES;
				CLANG_WARN_BOOL_CONVERSION = YES;
				CLANG_WARN_CONSTANT_CONVERSION = YES;
				CLANG_WARN_DIRECT_OBJC_ISA_USAGE = YES_ERROR;
				CLANG_WARN_DOCUMENTATION_COMMENTS = YES;
				CLANG_WARN_EMPTY_BODY = YES;
				CLANG_WARN_ENUM_CONVERSION = YES;
				CLANG_WARN_INFINITE_RECURSION = YES;
				CLANG_WARN_INT_CONVERSION = YES;
				CLANG_WARN_OBJC_ROOT_CLASS = YES_ERROR;
				CLANG_WARN_SUSPICIOUS_MOVE = YES;
				CLANG_WARN_UNREACHABLE_CODE = YES;
				CLANG_WARN__DUPLICATE_METHOD_MATCH = YES;
				"CODE_SIGN_IDENTITY[sdk=iphoneos*]" = "iPhone Developer";
				COPY_PHASE_STRIP = NO;
				DEBUG_INFORMATION_FORMAT = "dwarf-with-dsym";
				ENABLE_NS_ASSERTIONS = NO;
				ENABLE_STRICT_OBJC_MSGSEND = YES;
				GCC_C_LANGUAGE_STANDARD = gnu99;
				GCC_NO_COMMON_BLOCKS = YES;
				GCC_WARN_64_TO_32_BIT_CONVERSION = YES;
				GCC_WARN_ABOUT_RETURN_TYPE = YES_ERROR;
				GCC_WARN_UNDECLARED_SELECTOR = YES;
				GCC_WARN_UNINITIALIZED_AUTOS = YES_AGGRESSIVE;
				GCC_WARN_UNUSED_FUNCTION = YES;
				GCC_WARN_UNUSED_VARIABLE = YES;
				IPHONEOS_DEPLOYMENT_TARGET = 10.3;
				MTL_ENABLE_DEBUG_INFO = NO;
				SDKROOT = iphoneos;
				SWIFT_OPTIMIZATION_LEVEL = "-Owholemodule";
				VALIDATE_PRODUCT = YES;
			};
			name = Release;
		};
		54708A221F1B611E00F7AA92 /* Debug */ = {
			isa = XCBuildConfiguration;
			baseConfigurationReference = 9DDE66EAC528E546F94DEC19 /* Pods-Autocomplete.debug.xcconfig */;
			buildSettings = {
				ASSETCATALOG_COMPILER_APPICON_NAME = AppIcon;
				INFOPLIST_FILE = Autocomplete/Info.plist;
				LD_RUNPATH_SEARCH_PATHS = "$(inherited) @executable_path/Frameworks";
				PRODUCT_BUNDLE_IDENTIFIER = com.ncreated.Autocomplete;
				PRODUCT_NAME = "$(TARGET_NAME)";
				SWIFT_VERSION = 3.0;
			};
			name = Debug;
		};
		54708A231F1B611E00F7AA92 /* Release */ = {
			isa = XCBuildConfiguration;
			baseConfigurationReference = 60E04EDB3631899DEF785EEE /* Pods-Autocomplete.release.xcconfig */;
			buildSettings = {
				ASSETCATALOG_COMPILER_APPICON_NAME = AppIcon;
				INFOPLIST_FILE = Autocomplete/Info.plist;
				LD_RUNPATH_SEARCH_PATHS = "$(inherited) @executable_path/Frameworks";
				PRODUCT_BUNDLE_IDENTIFIER = com.ncreated.Autocomplete;
				PRODUCT_NAME = "$(TARGET_NAME)";
				SWIFT_VERSION = 3.0;
			};
			name = Release;
		};
		54708A251F1B611E00F7AA92 /* Debug */ = {
			isa = XCBuildConfiguration;
			baseConfigurationReference = 84B6E679AF96882DDAF19613 /* Pods-AutocompleteTests.debug.xcconfig */;
			buildSettings = {
				ALWAYS_EMBED_SWIFT_STANDARD_LIBRARIES = YES;
				BUNDLE_LOADER = "$(TEST_HOST)";
				INFOPLIST_FILE = AutocompleteTests/Info.plist;
				LD_RUNPATH_SEARCH_PATHS = "$(inherited) @executable_path/Frameworks @loader_path/Frameworks";
				PRODUCT_BUNDLE_IDENTIFIER = com.ncreated.AutocompleteTests;
				PRODUCT_NAME = "$(TARGET_NAME)";
				SWIFT_VERSION = 3.0;
				TEST_HOST = "$(BUILT_PRODUCTS_DIR)/Autocomplete.app/Autocomplete";
			};
			name = Debug;
		};
		54708A261F1B611E00F7AA92 /* Release */ = {
			isa = XCBuildConfiguration;
			baseConfigurationReference = 6CB9457055F98796E86F98B2 /* Pods-AutocompleteTests.release.xcconfig */;
			buildSettings = {
				ALWAYS_EMBED_SWIFT_STANDARD_LIBRARIES = YES;
				BUNDLE_LOADER = "$(TEST_HOST)";
				INFOPLIST_FILE = AutocompleteTests/Info.plist;
				LD_RUNPATH_SEARCH_PATHS = "$(inherited) @executable_path/Frameworks @loader_path/Frameworks";
				PRODUCT_BUNDLE_IDENTIFIER = com.ncreated.AutocompleteTests;
				PRODUCT_NAME = "$(TARGET_NAME)";
				SWIFT_VERSION = 3.0;
				TEST_HOST = "$(BUILT_PRODUCTS_DIR)/Autocomplete.app/Autocomplete";
			};
			name = Release;
		};
/* End XCBuildConfiguration section */

/* Begin XCConfigurationList section */
		547089FF1F1B611E00F7AA92 /* Build configuration list for PBXProject "Autocomplete" */ = {
			isa = XCConfigurationList;
			buildConfigurations = (
				54708A1F1F1B611E00F7AA92 /* Debug */,
				54708A201F1B611E00F7AA92 /* Release */,
			);
			defaultConfigurationIsVisible = 0;
			defaultConfigurationName = Release;
		};
		54708A211F1B611E00F7AA92 /* Build configuration list for PBXNativeTarget "Autocomplete" */ = {
			isa = XCConfigurationList;
			buildConfigurations = (
				54708A221F1B611E00F7AA92 /* Debug */,
				54708A231F1B611E00F7AA92 /* Release */,
			);
			defaultConfigurationIsVisible = 0;
			defaultConfigurationName = Release;
		};
		54708A241F1B611E00F7AA92 /* Build configuration list for PBXNativeTarget "AutocompleteTests" */ = {
			isa = XCConfigurationList;
			buildConfigurations = (
				54708A251F1B611E00F7AA92 /* Debug */,
				54708A261F1B611E00F7AA92 /* Release */,
			);
			defaultConfigurationIsVisible = 0;
			defaultConfigurationName = Release;
		};
/* End XCConfigurationList section */
	};
	rootObject = 547089FC1F1B611E00F7AA92 /* Project object */;
}
